// !$*UTF8*$!
{
	archiveVersion = 1;
	classes = {
	};
	objectVersion = 46;
	objects = {

/* Begin PBXBuildFile section */
		2E29B1768E4945F9944A3D41 /* libPods.a in Frameworks */ = {isa = PBXBuildFile; fileRef = D2CD995434AE4716986B143C /* libPods.a */; };
		3A3E9F0818FC64D30036FFC2 /* Foundation.framework in Frameworks */ = {isa = PBXBuildFile; fileRef = 3A3E9F0718FC64D30036FFC2 /* Foundation.framework */; };
		3A3E9F0A18FC64D30036FFC2 /* CoreGraphics.framework in Frameworks */ = {isa = PBXBuildFile; fileRef = 3A3E9F0918FC64D30036FFC2 /* CoreGraphics.framework */; };
		3A3E9F0C18FC64D30036FFC2 /* UIKit.framework in Frameworks */ = {isa = PBXBuildFile; fileRef = 3A3E9F0B18FC64D30036FFC2 /* UIKit.framework */; };
		3A3E9F1218FC64D30036FFC2 /* InfoPlist.strings in Resources */ = {isa = PBXBuildFile; fileRef = 3A3E9F1018FC64D30036FFC2 /* InfoPlist.strings */; };
		3A3E9F1418FC64D30036FFC2 /* main.m in Sources */ = {isa = PBXBuildFile; fileRef = 3A3E9F1318FC64D30036FFC2 /* main.m */; };
		3A3E9F1818FC64D30036FFC2 /* ARAppDelegate.m in Sources */ = {isa = PBXBuildFile; fileRef = 3A3E9F1718FC64D30036FFC2 /* ARAppDelegate.m */; };
		3A3E9F1B18FC64D30036FFC2 /* Main.storyboard in Resources */ = {isa = PBXBuildFile; fileRef = 3A3E9F1918FC64D30036FFC2 /* Main.storyboard */; };
		3A3E9F1E18FC64D30036FFC2 /* ARViewController.m in Sources */ = {isa = PBXBuildFile; fileRef = 3A3E9F1D18FC64D30036FFC2 /* ARViewController.m */; };
		3A3E9F2018FC64D30036FFC2 /* Images.xcassets in Resources */ = {isa = PBXBuildFile; fileRef = 3A3E9F1F18FC64D30036FFC2 /* Images.xcassets */; };
		3A3E9F2718FC64D30036FFC2 /* XCTest.framework in Frameworks */ = {isa = PBXBuildFile; fileRef = 3A3E9F2618FC64D30036FFC2 /* XCTest.framework */; };
		3A3E9F2818FC64D30036FFC2 /* Foundation.framework in Frameworks */ = {isa = PBXBuildFile; fileRef = 3A3E9F0718FC64D30036FFC2 /* Foundation.framework */; };
		3A3E9F2918FC64D30036FFC2 /* UIKit.framework in Frameworks */ = {isa = PBXBuildFile; fileRef = 3A3E9F0B18FC64D30036FFC2 /* UIKit.framework */; };
		3A3E9F3118FC64D30036FFC2 /* InfoPlist.strings in Resources */ = {isa = PBXBuildFile; fileRef = 3A3E9F2F18FC64D30036FFC2 /* InfoPlist.strings */; };
		3A3E9F3318FC64D30036FFC2 /* MorseTorchTests.m in Sources */ = {isa = PBXBuildFile; fileRef = 3A3E9F3218FC64D30036FFC2 /* MorseTorchTests.m */; };
		3A3E9F4418FC864E0036FFC2 /* NSString+NSStringDisplayMorseCode.m in Sources */ = {isa = PBXBuildFile; fileRef = 3A3E9F4318FC864E0036FFC2 /* NSString+NSStringDisplayMorseCode.m */; };
		3A3E9FCA18FDC91E0036FFC2 /* AVFoundation.framework in Frameworks */ = {isa = PBXBuildFile; fileRef = 3A3E9FC918FDC91E0036FFC2 /* AVFoundation.framework */; };
		3AEC550218FF3B04004C28A9 /* ARTorchController.m in Sources */ = {isa = PBXBuildFile; fileRef = 3AEC550118FF3B04004C28A9 /* ARTorchController.m */; };
/* End PBXBuildFile section */

/* Begin PBXContainerItemProxy section */
		3A3E9F2A18FC64D30036FFC2 /* PBXContainerItemProxy */ = {
			isa = PBXContainerItemProxy;
			containerPortal = 3A3E9EFC18FC64D30036FFC2 /* Project object */;
			proxyType = 1;
			remoteGlobalIDString = 3A3E9F0318FC64D30036FFC2;
			remoteInfo = MorseTorch;
		};
/* End PBXContainerItemProxy section */

/* Begin PBXFileReference section */
		3A3E9F0418FC64D30036FFC2 /* MorseTorch.app */ = {isa = PBXFileReference; explicitFileType = wrapper.application; includeInIndex = 0; path = MorseTorch.app; sourceTree = BUILT_PRODUCTS_DIR; };
		3A3E9F0718FC64D30036FFC2 /* Foundation.framework */ = {isa = PBXFileReference; lastKnownFileType = wrapper.framework; name = Foundation.framework; path = System/Library/Frameworks/Foundation.framework; sourceTree = SDKROOT; };
		3A3E9F0918FC64D30036FFC2 /* CoreGraphics.framework */ = {isa = PBXFileReference; lastKnownFileType = wrapper.framework; name = CoreGraphics.framework; path = System/Library/Frameworks/CoreGraphics.framework; sourceTree = SDKROOT; };
		3A3E9F0B18FC64D30036FFC2 /* UIKit.framework */ = {isa = PBXFileReference; lastKnownFileType = wrapper.framework; name = UIKit.framework; path = System/Library/Frameworks/UIKit.framework; sourceTree = SDKROOT; };
		3A3E9F0F18FC64D30036FFC2 /* MorseTorch-Info.plist */ = {isa = PBXFileReference; lastKnownFileType = text.plist.xml; path = "MorseTorch-Info.plist"; sourceTree = "<group>"; };
		3A3E9F1118FC64D30036FFC2 /* en */ = {isa = PBXFileReference; lastKnownFileType = text.plist.strings; name = en; path = en.lproj/InfoPlist.strings; sourceTree = "<group>"; };
		3A3E9F1318FC64D30036FFC2 /* main.m */ = {isa = PBXFileReference; lastKnownFileType = sourcecode.c.objc; path = main.m; sourceTree = "<group>"; };
		3A3E9F1518FC64D30036FFC2 /* MorseTorch-Prefix.pch */ = {isa = PBXFileReference; lastKnownFileType = sourcecode.c.h; path = "MorseTorch-Prefix.pch"; sourceTree = "<group>"; };
		3A3E9F1618FC64D30036FFC2 /* ARAppDelegate.h */ = {isa = PBXFileReference; lastKnownFileType = sourcecode.c.h; path = ARAppDelegate.h; sourceTree = "<group>"; };
		3A3E9F1718FC64D30036FFC2 /* ARAppDelegate.m */ = {isa = PBXFileReference; lastKnownFileType = sourcecode.c.objc; path = ARAppDelegate.m; sourceTree = "<group>"; };
		3A3E9F1A18FC64D30036FFC2 /* Base */ = {isa = PBXFileReference; lastKnownFileType = file.storyboard; name = Base; path = Base.lproj/Main.storyboard; sourceTree = "<group>"; };
		3A3E9F1C18FC64D30036FFC2 /* ARViewController.h */ = {isa = PBXFileReference; lastKnownFileType = sourcecode.c.h; path = ARViewController.h; sourceTree = "<group>"; };
		3A3E9F1D18FC64D30036FFC2 /* ARViewController.m */ = {isa = PBXFileReference; lastKnownFileType = sourcecode.c.objc; path = ARViewController.m; sourceTree = "<group>"; };
		3A3E9F1F18FC64D30036FFC2 /* Images.xcassets */ = {isa = PBXFileReference; lastKnownFileType = folder.assetcatalog; path = Images.xcassets; sourceTree = "<group>"; };
		3A3E9F2518FC64D30036FFC2 /* MorseTorchTests.xctest */ = {isa = PBXFileReference; explicitFileType = wrapper.cfbundle; includeInIndex = 0; path = MorseTorchTests.xctest; sourceTree = BUILT_PRODUCTS_DIR; };
		3A3E9F2618FC64D30036FFC2 /* XCTest.framework */ = {isa = PBXFileReference; lastKnownFileType = wrapper.framework; name = XCTest.framework; path = Library/Frameworks/XCTest.framework; sourceTree = DEVELOPER_DIR; };
		3A3E9F2E18FC64D30036FFC2 /* MorseTorchTests-Info.plist */ = {isa = PBXFileReference; lastKnownFileType = text.plist.xml; path = "MorseTorchTests-Info.plist"; sourceTree = "<group>"; };
		3A3E9F3018FC64D30036FFC2 /* en */ = {isa = PBXFileReference; lastKnownFileType = text.plist.strings; name = en; path = en.lproj/InfoPlist.strings; sourceTree = "<group>"; };
		3A3E9F3218FC64D30036FFC2 /* MorseTorchTests.m */ = {isa = PBXFileReference; lastKnownFileType = sourcecode.c.objc; path = MorseTorchTests.m; sourceTree = "<group>"; };
		3A3E9F4218FC864E0036FFC2 /* NSString+NSStringDisplayMorseCode.h */ = {isa = PBXFileReference; fileEncoding = 4; lastKnownFileType = sourcecode.c.h; path = "NSString+NSStringDisplayMorseCode.h"; sourceTree = "<group>"; };
		3A3E9F4318FC864E0036FFC2 /* NSString+NSStringDisplayMorseCode.m */ = {isa = PBXFileReference; fileEncoding = 4; lastKnownFileType = sourcecode.c.objc; path = "NSString+NSStringDisplayMorseCode.m"; sourceTree = "<group>"; };
		3A3E9FC918FDC91E0036FFC2 /* AVFoundation.framework */ = {isa = PBXFileReference; lastKnownFileType = wrapper.framework; name = AVFoundation.framework; path = System/Library/Frameworks/AVFoundation.framework; sourceTree = SDKROOT; };
		3AEC550018FF3B04004C28A9 /* ARTorchController.h */ = {isa = PBXFileReference; fileEncoding = 4; lastKnownFileType = sourcecode.c.h; path = ARTorchController.h; sourceTree = "<group>"; };
		3AEC550118FF3B04004C28A9 /* ARTorchController.m */ = {isa = PBXFileReference; fileEncoding = 4; lastKnownFileType = sourcecode.c.objc; path = ARTorchController.m; sourceTree = "<group>"; };
		D2CD995434AE4716986B143C /* libPods.a */ = {isa = PBXFileReference; explicitFileType = archive.ar; includeInIndex = 0; path = libPods.a; sourceTree = BUILT_PRODUCTS_DIR; };
		F4B2A92F7AAD4D2A9C555FBE /* Pods.xcconfig */ = {isa = PBXFileReference; includeInIndex = 1; lastKnownFileType = text.xcconfig; name = Pods.xcconfig; path = Pods/Pods.xcconfig; sourceTree = "<group>"; };
/* End PBXFileReference section */

/* Begin PBXFrameworksBuildPhase section */
		3A3E9F0118FC64D30036FFC2 /* Frameworks */ = {
			isa = PBXFrameworksBuildPhase;
			buildActionMask = 2147483647;
			files = (
				3A3E9FCA18FDC91E0036FFC2 /* AVFoundation.framework in Frameworks */,
				3A3E9F0A18FC64D30036FFC2 /* CoreGraphics.framework in Frameworks */,
				3A3E9F0C18FC64D30036FFC2 /* UIKit.framework in Frameworks */,
				3A3E9F0818FC64D30036FFC2 /* Foundation.framework in Frameworks */,
				2E29B1768E4945F9944A3D41 /* libPods.a in Frameworks */,
			);
			runOnlyForDeploymentPostprocessing = 0;
		};
		3A3E9F2218FC64D30036FFC2 /* Frameworks */ = {
			isa = PBXFrameworksBuildPhase;
			buildActionMask = 2147483647;
			files = (
				3A3E9F2718FC64D30036FFC2 /* XCTest.framework in Frameworks */,
				3A3E9F2918FC64D30036FFC2 /* UIKit.framework in Frameworks */,
				3A3E9F2818FC64D30036FFC2 /* Foundation.framework in Frameworks */,
			);
			runOnlyForDeploymentPostprocessing = 0;
		};
/* End PBXFrameworksBuildPhase section */

/* Begin PBXGroup section */
		3A3E9EFB18FC64D30036FFC2 = {
			isa = PBXGroup;
			children = (
				3A3E9F0D18FC64D30036FFC2 /* MorseTorch */,
				3A3E9F2C18FC64D30036FFC2 /* MorseTorchTests */,
				3A3E9F0618FC64D30036FFC2 /* Frameworks */,
				3A3E9F0518FC64D30036FFC2 /* Products */,
				F4B2A92F7AAD4D2A9C555FBE /* Pods.xcconfig */,
			);
			sourceTree = "<group>";
		};
		3A3E9F0518FC64D30036FFC2 /* Products */ = {
			isa = PBXGroup;
			children = (
				3A3E9F0418FC64D30036FFC2 /* MorseTorch.app */,
				3A3E9F2518FC64D30036FFC2 /* MorseTorchTests.xctest */,
			);
			name = Products;
			sourceTree = "<group>";
		};
		3A3E9F0618FC64D30036FFC2 /* Frameworks */ = {
			isa = PBXGroup;
			children = (
				3A3E9FC918FDC91E0036FFC2 /* AVFoundation.framework */,
				3A3E9F0718FC64D30036FFC2 /* Foundation.framework */,
				3A3E9F0918FC64D30036FFC2 /* CoreGraphics.framework */,
				3A3E9F0B18FC64D30036FFC2 /* UIKit.framework */,
				3A3E9F2618FC64D30036FFC2 /* XCTest.framework */,
				D2CD995434AE4716986B143C /* libPods.a */,
			);
			name = Frameworks;
			sourceTree = "<group>";
		};
		3A3E9F0D18FC64D30036FFC2 /* MorseTorch */ = {
			isa = PBXGroup;
			children = (
				3A3E9F1618FC64D30036FFC2 /* ARAppDelegate.h */,
				3A3E9F1718FC64D30036FFC2 /* ARAppDelegate.m */,
				3A3E9F1918FC64D30036FFC2 /* Main.storyboard */,
				3A3E9F1C18FC64D30036FFC2 /* ARViewController.h */,
				3A3E9F1D18FC64D30036FFC2 /* ARViewController.m */,
				3A3E9F4218FC864E0036FFC2 /* NSString+NSStringDisplayMorseCode.h */,
				3A3E9F4318FC864E0036FFC2 /* NSString+NSStringDisplayMorseCode.m */,
				3AEC550018FF3B04004C28A9 /* ARTorchController.h */,
				3AEC550118FF3B04004C28A9 /* ARTorchController.m */,
				3A3E9F1F18FC64D30036FFC2 /* Images.xcassets */,
				3A3E9F0E18FC64D30036FFC2 /* Supporting Files */,
			);
			path = MorseTorch;
			sourceTree = "<group>";
		};
		3A3E9F0E18FC64D30036FFC2 /* Supporting Files */ = {
			isa = PBXGroup;
			children = (
				3A3E9F0F18FC64D30036FFC2 /* MorseTorch-Info.plist */,
				3A3E9F1018FC64D30036FFC2 /* InfoPlist.strings */,
				3A3E9F1318FC64D30036FFC2 /* main.m */,
				3A3E9F1518FC64D30036FFC2 /* MorseTorch-Prefix.pch */,
			);
			name = "Supporting Files";
			sourceTree = "<group>";
		};
		3A3E9F2C18FC64D30036FFC2 /* MorseTorchTests */ = {
			isa = PBXGroup;
			children = (
				3A3E9F3218FC64D30036FFC2 /* MorseTorchTests.m */,
				3A3E9F2D18FC64D30036FFC2 /* Supporting Files */,
			);
			path = MorseTorchTests;
			sourceTree = "<group>";
		};
		3A3E9F2D18FC64D30036FFC2 /* Supporting Files */ = {
			isa = PBXGroup;
			children = (
				3A3E9F2E18FC64D30036FFC2 /* MorseTorchTests-Info.plist */,
				3A3E9F2F18FC64D30036FFC2 /* InfoPlist.strings */,
			);
			name = "Supporting Files";
			sourceTree = "<group>";
		};
/* End PBXGroup section */

/* Begin PBXNativeTarget section */
		3A3E9F0318FC64D30036FFC2 /* MorseTorch */ = {
			isa = PBXNativeTarget;
			buildConfigurationList = 3A3E9F3618FC64D30036FFC2 /* Build configuration list for PBXNativeTarget "MorseTorch" */;
			buildPhases = (
				6A4076FE1AEF4ED9B1D14E75 /* Check Pods Manifest.lock */,
				3A3E9F0018FC64D30036FFC2 /* Sources */,
				3A3E9F0118FC64D30036FFC2 /* Frameworks */,
				3A3E9F0218FC64D30036FFC2 /* Resources */,
				F1F7B7015CB64D6894B7F589 /* Copy Pods Resources */,
			);
			buildRules = (
			);
			dependencies = (
			);
			name = MorseTorch;
			productName = MorseTorch;
			productReference = 3A3E9F0418FC64D30036FFC2 /* MorseTorch.app */;
			productType = "com.apple.product-type.application";
		};
		3A3E9F2418FC64D30036FFC2 /* MorseTorchTests */ = {
			isa = PBXNativeTarget;
			buildConfigurationList = 3A3E9F3918FC64D30036FFC2 /* Build configuration list for PBXNativeTarget "MorseTorchTests" */;
			buildPhases = (
				3A3E9F2118FC64D30036FFC2 /* Sources */,
				3A3E9F2218FC64D30036FFC2 /* Frameworks */,
				3A3E9F2318FC64D30036FFC2 /* Resources */,
			);
			buildRules = (
			);
			dependencies = (
				3A3E9F2B18FC64D30036FFC2 /* PBXTargetDependency */,
			);
			name = MorseTorchTests;
			productName = MorseTorchTests;
			productReference = 3A3E9F2518FC64D30036FFC2 /* MorseTorchTests.xctest */;
			productType = "com.apple.product-type.bundle.unit-test";
		};
/* End PBXNativeTarget section */

/* Begin PBXProject section */
		3A3E9EFC18FC64D30036FFC2 /* Project object */ = {
			isa = PBXProject;
			attributes = {
				CLASSPREFIX = AR;
				LastUpgradeCheck = 0510;
				ORGANIZATIONNAME = "Anton Hilario Rivera";
				TargetAttributes = {
					3A3E9F2418FC64D30036FFC2 = {
						TestTargetID = 3A3E9F0318FC64D30036FFC2;
					};
				};
			};
			buildConfigurationList = 3A3E9EFF18FC64D30036FFC2 /* Build configuration list for PBXProject "MorseTorch" */;
			compatibilityVersion = "Xcode 3.2";
			developmentRegion = English;
			hasScannedForEncodings = 0;
			knownRegions = (
				en,
				Base,
			);
			mainGroup = 3A3E9EFB18FC64D30036FFC2;
			productRefGroup = 3A3E9F0518FC64D30036FFC2 /* Products */;
			projectDirPath = "";
			projectRoot = "";
			targets = (
				3A3E9F0318FC64D30036FFC2 /* MorseTorch */,
				3A3E9F2418FC64D30036FFC2 /* MorseTorchTests */,
			);
		};
/* End PBXProject section */

/* Begin PBXResourcesBuildPhase section */
		3A3E9F0218FC64D30036FFC2 /* Resources */ = {
			isa = PBXResourcesBuildPhase;
			buildActionMask = 2147483647;
			files = (
				3A3E9F2018FC64D30036FFC2 /* Images.xcassets in Resources */,
				3A3E9F1218FC64D30036FFC2 /* InfoPlist.strings in Resources */,
				3A3E9F1B18FC64D30036FFC2 /* Main.storyboard in Resources */,
			);
			runOnlyForDeploymentPostprocessing = 0;
		};
		3A3E9F2318FC64D30036FFC2 /* Resources */ = {
			isa = PBXResourcesBuildPhase;
			buildActionMask = 2147483647;
			files = (
				3A3E9F3118FC64D30036FFC2 /* InfoPlist.strings in Resources */,
			);
			runOnlyForDeploymentPostprocessing = 0;
		};
/* End PBXResourcesBuildPhase section */

/* Begin PBXShellScriptBuildPhase section */
		6A4076FE1AEF4ED9B1D14E75 /* Check Pods Manifest.lock */ = {
			isa = PBXShellScriptBuildPhase;
			buildActionMask = 2147483647;
			files = (
			);
			inputPaths = (
			);
			name = "Check Pods Manifest.lock";
			outputPaths = (
			);
			runOnlyForDeploymentPostprocessing = 0;
			shellPath = /bin/sh;
			shellScript = "diff \"${PODS_ROOT}/../Podfile.lock\" \"${PODS_ROOT}/Manifest.lock\" > /dev/null\nif [[ $? != 0 ]] ; then\n    cat << EOM\nerror: The sandbox is not in sync with the Podfile.lock. Run 'pod install' or update your CocoaPods installation.\nEOM\n    exit 1\nfi\n";
			showEnvVarsInLog = 0;
		};
		F1F7B7015CB64D6894B7F589 /* Copy Pods Resources */ = {
			isa = PBXShellScriptBuildPhase;
			buildActionMask = 2147483647;
			files = (
			);
			inputPaths = (
			);
			name = "Copy Pods Resources";
			outputPaths = (
			);
			runOnlyForDeploymentPostprocessing = 0;
			shellPath = /bin/sh;
			shellScript = "\"${SRCROOT}/Pods/Pods-resources.sh\"\n";
			showEnvVarsInLog = 0;
		};
/* End PBXShellScriptBuildPhase section */

/* Begin PBXSourcesBuildPhase section */
		3A3E9F0018FC64D30036FFC2 /* Sources */ = {
			isa = PBXSourcesBuildPhase;
			buildActionMask = 2147483647;
			files = (
				3AEC550218FF3B04004C28A9 /* ARTorchController.m in Sources */,
				3A3E9F4418FC864E0036FFC2 /* NSString+NSStringDisplayMorseCode.m in Sources */,
				3A3E9F1418FC64D30036FFC2 /* main.m in Sources */,
				3A3E9F1E18FC64D30036FFC2 /* ARViewController.m in Sources */,
				3A3E9F1818FC64D30036FFC2 /* ARAppDelegate.m in Sources */,
			);
			runOnlyForDeploymentPostprocessing = 0;
		};
		3A3E9F2118FC64D30036FFC2 /* Sources */ = {
			isa = PBXSourcesBuildPhase;
			buildActionMask = 2147483647;
			files = (
				3A3E9F3318FC64D30036FFC2 /* MorseTorchTests.m in Sources */,
			);
			runOnlyForDeploymentPostprocessing = 0;
		};
/* End PBXSourcesBuildPhase section */

/* Begin PBXTargetDependency section */
		3A3E9F2B18FC64D30036FFC2 /* PBXTargetDependency */ = {
			isa = PBXTargetDependency;
			target = 3A3E9F0318FC64D30036FFC2 /* MorseTorch */;
			targetProxy = 3A3E9F2A18FC64D30036FFC2 /* PBXContainerItemProxy */;
		};
/* End PBXTargetDependency section */

/* Begin PBXVariantGroup section */
		3A3E9F1018FC64D30036FFC2 /* InfoPlist.strings */ = {
			isa = PBXVariantGroup;
			children = (
				3A3E9F1118FC64D30036FFC2 /* en */,
			);
			name = InfoPlist.strings;
			sourceTree = "<group>";
		};
		3A3E9F1918FC64D30036FFC2 /* Main.storyboard */ = {
			isa = PBXVariantGroup;
			children = (
				3A3E9F1A18FC64D30036FFC2 /* Base */,
			);
			name = Main.storyboard;
			sourceTree = "<group>";
		};
		3A3E9F2F18FC64D30036FFC2 /* InfoPlist.strings */ = {
			isa = PBXVariantGroup;
			children = (
				3A3E9F3018FC64D30036FFC2 /* en */,
			);
			name = InfoPlist.strings;
			sourceTree = "<group>";
		};
/* End PBXVariantGroup section */

/* Begin XCBuildConfiguration section */
		3A3E9F3418FC64D30036FFC2 /* Debug */ = {
			isa = XCBuildConfiguration;
			buildSettings = {
				ALWAYS_SEARCH_USER_PATHS = NO;
				CLANG_CXX_LANGUAGE_STANDARD = "gnu++0x";
				CLANG_CXX_LIBRARY = "libc++";
				CLANG_ENABLE_MODULES = YES;
				CLANG_ENABLE_OBJC_ARC = YES;
				CLANG_WARN_BOOL_CONVERSION = YES;
				CLANG_WARN_CONSTANT_CONVERSION = YES;
				CLANG_WARN_DIRECT_OBJC_ISA_USAGE = YES_ERROR;
				CLANG_WARN_EMPTY_BODY = YES;
				CLANG_WARN_ENUM_CONVERSION = YES;
				CLANG_WARN_INT_CONVERSION = YES;
				CLANG_WARN_OBJC_ROOT_CLASS = YES_ERROR;
				CLANG_WARN__DUPLICATE_METHOD_MATCH = YES;
				"CODE_SIGN_IDENTITY[sdk=iphoneos*]" = "iPhone Developer";
				COPY_PHASE_STRIP = NO;
				GCC_C_LANGUAGE_STANDARD = gnu99;
				GCC_DYNAMIC_NO_PIC = NO;
				GCC_OPTIMIZATION_LEVEL = 0;
				GCC_PREPROCESSOR_DEFINITIONS = (
					"DEBUG=1",
					"$(inherited)",
				);
				GCC_SYMBOLS_PRIVATE_EXTERN = NO;
				GCC_WARN_64_TO_32_BIT_CONVERSION = YES;
				GCC_WARN_ABOUT_RETURN_TYPE = YES_ERROR;
				GCC_WARN_UNDECLARED_SELECTOR = YES;
				GCC_WARN_UNINITIALIZED_AUTOS = YES_AGGRESSIVE;
				GCC_WARN_UNUSED_FUNCTION = YES;
				GCC_WARN_UNUSED_VARIABLE = YES;
				IPHONEOS_DEPLOYMENT_TARGET = 7.1;
				ONLY_ACTIVE_ARCH = YES;
				SDKROOT = iphoneos;
			};
			name = Debug;
		};
		3A3E9F3518FC64D30036FFC2 /* Release */ = {
			isa = XCBuildConfiguration;
			buildSettings = {
				ALWAYS_SEARCH_USER_PATHS = NO;
				CLANG_CXX_LANGUAGE_STANDARD = "gnu++0x";
				CLANG_CXX_LIBRARY = "libc++";
				CLANG_ENABLE_MODULES = YES;
				CLANG_ENABLE_OBJC_ARC = YES;
				CLANG_WARN_BOOL_CONVERSION = YES;
				CLANG_WARN_CONSTANT_CONVERSION = YES;
				CLANG_WARN_DIRECT_OBJC_ISA_USAGE = YES_ERROR;
				CLANG_WARN_EMPTY_BODY = YES;
				CLANG_WARN_ENUM_CONVERSION = YES;
				CLANG_WARN_INT_CONVERSION = YES;
				CLANG_WARN_OBJC_ROOT_CLASS = YES_ERROR;
				CLANG_WARN__DUPLICATE_METHOD_MATCH = YES;
				"CODE_SIGN_IDENTITY[sdk=iphoneos*]" = "iPhone Developer";
				COPY_PHASE_STRIP = YES;
				ENABLE_NS_ASSERTIONS = NO;
				GCC_C_LANGUAGE_STANDARD = gnu99;
				GCC_WARN_64_TO_32_BIT_CONVERSION = YES;
				GCC_WARN_ABOUT_RETURN_TYPE = YES_ERROR;
				GCC_WARN_UNDECLARED_SELECTOR = YES;
				GCC_WARN_UNINITIALIZED_AUTOS = YES_AGGRESSIVE;
				GCC_WARN_UNUSED_FUNCTION = YES;
				GCC_WARN_UNUSED_VARIABLE = YES;
				IPHONEOS_DEPLOYMENT_TARGET = 7.1;
				SDKROOT = iphoneos;
				VALIDATE_PRODUCT = YES;
			};
			name = Release;
		};
		3A3E9F3718FC64D30036FFC2 /* Debug */ = {
			isa = XCBuildConfiguration;
			baseConfigurationReference = F4B2A92F7AAD4D2A9C555FBE /* Pods.xcconfig */;
			buildSettings = {
				ASSETCATALOG_COMPILER_APPICON_NAME = AppIcon;
				ASSETCATALOG_COMPILER_LAUNCHIMAGE_NAME = LaunchImage;
				GCC_PRECOMPILE_PREFIX_HEADER = YES;
				GCC_PREFIX_HEADER = "MorseTorch/MorseTorch-Prefix.pch";
				INFOPLIST_FILE = "MorseTorch/MorseTorch-Info.plist";
				PRODUCT_NAME = "$(TARGET_NAME)";
				WRAPPER_EXTENSION = app;
			};
			name = Debug;
		};
		3A3E9F3818FC64D30036FFC2 /* Release */ = {
			isa = XCBuildConfiguration;
			baseConfigurationReference = F4B2A92F7AAD4D2A9C555FBE /* Pods.xcconfig */;
			buildSettings = {
				ASSETCATALOG_COMPILER_APPICON_NAME = AppIcon;
				ASSETCATALOG_COMPILER_LAUNCHIMAGE_NAME = LaunchImage;
				GCC_PRECOMPILE_PREFIX_HEADER = YES;
				GCC_PREFIX_HEADER = "MorseTorch/MorseTorch-Prefix.pch";
				INFOPLIST_FILE = "MorseTorch/MorseTorch-Info.plist";
				PRODUCT_NAME = "$(TARGET_NAME)";
				WRAPPER_EXTENSION = app;
			};
			name = Release;
		};
		3A3E9F3A18FC64D30036FFC2 /* Debug */ = {
			isa = XCBuildConfiguration;
			buildSettings = {
				BUNDLE_LOADER = "$(BUILT_PRODUCTS_DIR)/MorseTorch.app/MorseTorch";
				FRAMEWORK_SEARCH_PATHS = (
					"$(SDKROOT)/Developer/Library/Frameworks",
					"$(inherited)",
					"$(DEVELOPER_FRAMEWORKS_DIR)",
				);
				GCC_PRECOMPILE_PREFIX_HEADER = YES;
				GCC_PREFIX_HEADER = "MorseTorch/MorseTorch-Prefix.pch";
				GCC_PREPROCESSOR_DEFINITIONS = (
					"DEBUG=1",
					"$(inherited)",
				);
				INFOPLIST_FILE = "MorseTorchTests/MorseTorchTests-Info.plist";
				PRODUCT_NAME = "$(TARGET_NAME)";
				TEST_HOST = "$(BUNDLE_LOADER)";
				WRAPPER_EXTENSION = xctest;
			};
			name = Debug;
		};
		3A3E9F3B18FC64D30036FFC2 /* Release */ = {
			isa = XCBuildConfiguration;
			buildSettings = {
				BUNDLE_LOADER = "$(BUILT_PRODUCTS_DIR)/MorseTorch.app/MorseTorch";
				FRAMEWORK_SEARCH_PATHS = (
					"$(SDKROOT)/Developer/Library/Frameworks",
					"$(inherited)",
					"$(DEVELOPER_FRAMEWORKS_DIR)",
				);
				GCC_PRECOMPILE_PREFIX_HEADER = YES;
				GCC_PREFIX_HEADER = "MorseTorch/MorseTorch-Prefix.pch";
				INFOPLIST_FILE = "MorseTorchTests/MorseTorchTests-Info.plist";
				PRODUCT_NAME = "$(TARGET_NAME)";
				TEST_HOST = "$(BUNDLE_LOADER)";
				WRAPPER_EXTENSION = xctest;
			};
			name = Release;
		};
/* End XCBuildConfiguration section */

/* Begin XCConfigurationList section */
		3A3E9EFF18FC64D30036FFC2 /* Build configuration list for PBXProject "MorseTorch" */ = {
			isa = XCConfigurationList;
			buildConfigurations = (
				3A3E9F3418FC64D30036FFC2 /* Debug */,
				3A3E9F3518FC64D30036FFC2 /* Release */,
			);
			defaultConfigurationIsVisible = 0;
			defaultConfigurationName = Release;
		};
		3A3E9F3618FC64D30036FFC2 /* Build configuration list for PBXNativeTarget "MorseTorch" */ = {
			isa = XCConfigurationList;
			buildConfigurations = (
				3A3E9F3718FC64D30036FFC2 /* Debug */,
				3A3E9F3818FC64D30036FFC2 /* Release */,
			);
			defaultConfigurationIsVisible = 0;
			defaultConfigurationName = Release;
		};
		3A3E9F3918FC64D30036FFC2 /* Build configuration list for PBXNativeTarget "MorseTorchTests" */ = {
			isa = XCConfigurationList;
			buildConfigurations = (
				3A3E9F3A18FC64D30036FFC2 /* Debug */,
				3A3E9F3B18FC64D30036FFC2 /* Release */,
			);
			defaultConfigurationIsVisible = 0;
			defaultConfigurationName = Release;
		};
/* End XCConfigurationList section */
	};
	rootObject = 3A3E9EFC18FC64D30036FFC2 /* Project object */;
}
